// !$*UTF8*$!
{
	archiveVersion = 1;
	classes = {
	};
	objectVersion = 56;
	objects = {

/* Begin PBXBuildFile section */
		33ED364E2AE2FAF5004BB303 /* .gitignore in Resources */ = {isa = PBXBuildFile; fileRef = 33ED364D2AE2FAF5004BB303 /* .gitignore */; };
		DA09BE892AA368F9005FA648 /* SpendTrackingApp.swift in Sources */ = {isa = PBXBuildFile; fileRef = DA09BE882AA368F9005FA648 /* SpendTrackingApp.swift */; };
		DA09BE8B2AA368F9005FA648 /* ContentView.swift in Sources */ = {isa = PBXBuildFile; fileRef = DA09BE8A2AA368F9005FA648 /* ContentView.swift */; };
		DA09BE8D2AA368FB005FA648 /* Assets.xcassets in Resources */ = {isa = PBXBuildFile; fileRef = DA09BE8C2AA368FB005FA648 /* Assets.xcassets */; };
		DA09BE902AA368FB005FA648 /* Preview Assets.xcassets in Resources */ = {isa = PBXBuildFile; fileRef = DA09BE8F2AA368FB005FA648 /* Preview Assets.xcassets */; };
		DA2B209B2AF2A7EF0095B8C8 /* CustomAlert.swift in Sources */ = {isa = PBXBuildFile; fileRef = DA2B209A2AF2A7EF0095B8C8 /* CustomAlert.swift */; };
		DA2B209E2AF2AD030095B8C8 /* CustomAlertModifier.swift in Sources */ = {isa = PBXBuildFile; fileRef = DA2B209D2AF2AD030095B8C8 /* CustomAlertModifier.swift */; };
		DA2B20A02AF2AD220095B8C8 /* AlertViewExtension.swift in Sources */ = {isa = PBXBuildFile; fileRef = DA2B209F2AF2AD220095B8C8 /* AlertViewExtension.swift */; };
		DA3B8BED2AE997650095BEDF /* AccountDetailsView.swift in Sources */ = {isa = PBXBuildFile; fileRef = DA3B8BEC2AE997650095BEDF /* AccountDetailsView.swift */; };
		DA5130BB2B17A2BE00616BEF /* SettingsListRow.swift in Sources */ = {isa = PBXBuildFile; fileRef = DA5130BA2B17A2BE00616BEF /* SettingsListRow.swift */; };
		DA5130BE2B17A4EE00616BEF /* SettingsList.swift in Sources */ = {isa = PBXBuildFile; fileRef = DA5130BD2B17A4EE00616BEF /* SettingsList.swift */; };
		DA5130C52B17BE9E00616BEF /* AccountInfoList.swift in Sources */ = {isa = PBXBuildFile; fileRef = DA5130C42B17BE9E00616BEF /* AccountInfoList.swift */; };
		DA5130C72B17BEAE00616BEF /* AccountInfoRow.swift in Sources */ = {isa = PBXBuildFile; fileRef = DA5130C62B17BEAE00616BEF /* AccountInfoRow.swift */; };
		DA5130CC2B17DE2A00616BEF /* ChangePhoneNumberSheetView.swift in Sources */ = {isa = PBXBuildFile; fileRef = DA5130CB2B17DE2A00616BEF /* ChangePhoneNumberSheetView.swift */; };
		DA5130D12B17E66000616BEF /* ContactUsView.swift in Sources */ = {isa = PBXBuildFile; fileRef = DA5130D02B17E66000616BEF /* ContactUsView.swift */; };
		DA54E2162AB1F4A9009519CF /* DashboardView.swift in Sources */ = {isa = PBXBuildFile; fileRef = DA54E2152AB1F4A9009519CF /* DashboardView.swift */; };
		DA54E2182AB21321009519CF /* SpendingTrendBlockView.swift in Sources */ = {isa = PBXBuildFile; fileRef = DA54E2172AB21321009519CF /* SpendingTrendBlockView.swift */; };
		DA54E21D2AB2156C009519CF /* TrendHistogramView.swift in Sources */ = {isa = PBXBuildFile; fileRef = DA54E21C2AB2156C009519CF /* TrendHistogramView.swift */; };
		DA616E832AB0BFBD009994B5 /* BreakdownPieChartView.swift in Sources */ = {isa = PBXBuildFile; fileRef = DA616E822AB0BFBD009994B5 /* BreakdownPieChartView.swift */; };
		DA9BED032AB4A55000DDAB39 /* SpendingBreakdownBlockView.swift in Sources */ = {isa = PBXBuildFile; fileRef = DA9BED022AB4A55000DDAB39 /* SpendingBreakdownBlockView.swift */; };
		DA9BED052AB4B28C00DDAB39 /* TabBarView.swift in Sources */ = {isa = PBXBuildFile; fileRef = DA9BED042AB4B28C00DDAB39 /* TabBarView.swift */; };
		DA9BED072AB4C2C500DDAB39 /* UnsettledSpendingsBlockView.swift in Sources */ = {isa = PBXBuildFile; fileRef = DA9BED062AB4C2C500DDAB39 /* UnsettledSpendingsBlockView.swift */; };
		DA9BED092AB4C2F800DDAB39 /* RecurringChargesBlockView.swift in Sources */ = {isa = PBXBuildFile; fileRef = DA9BED082AB4C2F800DDAB39 /* RecurringChargesBlockView.swift */; };
		DA9BED0B2AB4CBA400DDAB39 /* SpendingTrendDetailedView.swift in Sources */ = {isa = PBXBuildFile; fileRef = DA9BED0A2AB4CBA400DDAB39 /* SpendingTrendDetailedView.swift */; };
		DAC5AFC42B0ED00F00A10A3C /* NotificationsView.swift in Sources */ = {isa = PBXBuildFile; fileRef = DAC5AFC32B0ED00F00A10A3C /* NotificationsView.swift */; };
		DAC5AFC62B0ED1ED00A10A3C /* QRCodeView.swift in Sources */ = {isa = PBXBuildFile; fileRef = DAC5AFC52B0ED1ED00A10A3C /* QRCodeView.swift */; };
		DAC5AFC82B0ED7AD00A10A3C /* ChangeNameSheetView.swift in Sources */ = {isa = PBXBuildFile; fileRef = DAC5AFC72B0ED7AD00A10A3C /* ChangeNameSheetView.swift */; };
		DAC5AFCA2B0ED7BC00A10A3C /* ChangePasswordSheetView.swift in Sources */ = {isa = PBXBuildFile; fileRef = DAC5AFC92B0ED7BC00A10A3C /* ChangePasswordSheetView.swift */; };
		DAD12AAA2AB4D67F00C1FCCB /* GroupsView.swift in Sources */ = {isa = PBXBuildFile; fileRef = DAD12AA92AB4D67F00C1FCCB /* GroupsView.swift */; };
		DAD12AAC2AB4D68A00C1FCCB /* AddView.swift in Sources */ = {isa = PBXBuildFile; fileRef = DAD12AAB2AB4D68A00C1FCCB /* AddView.swift */; };
		DAD12AAE2AB4D69700C1FCCB /* MeView.swift in Sources */ = {isa = PBXBuildFile; fileRef = DAD12AAD2AB4D69700C1FCCB /* MeView.swift */; };
		DAD12AB02AB4D6A300C1FCCB /* AccountView.swift in Sources */ = {isa = PBXBuildFile; fileRef = DAD12AAF2AB4D6A300C1FCCB /* AccountView.swift */; };
		DAD12AB72AB4DE2300C1FCCB /* TabBarData.swift in Sources */ = {isa = PBXBuildFile; fileRef = DAD12AB62AB4DE2300C1FCCB /* TabBarData.swift */; };
		DAD12ABB2AB4E5CF00C1FCCB /* SpendingBreakdownDetailedView.swift in Sources */ = {isa = PBXBuildFile; fileRef = DAD12ABA2AB4E5CF00C1FCCB /* SpendingBreakdownDetailedView.swift */; };
/* End PBXBuildFile section */

/* Begin PBXFileReference section */
		33ED364D2AE2FAF5004BB303 /* .gitignore */ = {isa = PBXFileReference; lastKnownFileType = text; path = .gitignore; sourceTree = "<group>"; };
		DA09BE852AA368F9005FA648 /* SpendTracking.app */ = {isa = PBXFileReference; explicitFileType = wrapper.application; includeInIndex = 0; path = SpendTracking.app; sourceTree = BUILT_PRODUCTS_DIR; };
		DA09BE882AA368F9005FA648 /* SpendTrackingApp.swift */ = {isa = PBXFileReference; lastKnownFileType = sourcecode.swift; path = SpendTrackingApp.swift; sourceTree = "<group>"; };
		DA09BE8A2AA368F9005FA648 /* ContentView.swift */ = {isa = PBXFileReference; lastKnownFileType = sourcecode.swift; path = ContentView.swift; sourceTree = "<group>"; };
		DA09BE8C2AA368FB005FA648 /* Assets.xcassets */ = {isa = PBXFileReference; lastKnownFileType = folder.assetcatalog; path = Assets.xcassets; sourceTree = "<group>"; };
		DA09BE8F2AA368FB005FA648 /* Preview Assets.xcassets */ = {isa = PBXFileReference; lastKnownFileType = folder.assetcatalog; path = "Preview Assets.xcassets"; sourceTree = "<group>"; };
		DA2B209A2AF2A7EF0095B8C8 /* CustomAlert.swift */ = {isa = PBXFileReference; lastKnownFileType = sourcecode.swift; path = CustomAlert.swift; sourceTree = "<group>"; };
		DA2B209D2AF2AD030095B8C8 /* CustomAlertModifier.swift */ = {isa = PBXFileReference; lastKnownFileType = sourcecode.swift; path = CustomAlertModifier.swift; sourceTree = "<group>"; };
		DA2B209F2AF2AD220095B8C8 /* AlertViewExtension.swift */ = {isa = PBXFileReference; lastKnownFileType = sourcecode.swift; path = AlertViewExtension.swift; sourceTree = "<group>"; };
		DA3B8BEC2AE997650095BEDF /* AccountDetailsView.swift */ = {isa = PBXFileReference; lastKnownFileType = sourcecode.swift; path = AccountDetailsView.swift; sourceTree = "<group>"; };
		DA5130BA2B17A2BE00616BEF /* SettingsListRow.swift */ = {isa = PBXFileReference; lastKnownFileType = sourcecode.swift; path = SettingsListRow.swift; sourceTree = "<group>"; };
		DA5130BD2B17A4EE00616BEF /* SettingsList.swift */ = {isa = PBXFileReference; lastKnownFileType = sourcecode.swift; path = SettingsList.swift; sourceTree = "<group>"; };
		DA5130C42B17BE9E00616BEF /* AccountInfoList.swift */ = {isa = PBXFileReference; lastKnownFileType = sourcecode.swift; path = AccountInfoList.swift; sourceTree = "<group>"; };
		DA5130C62B17BEAE00616BEF /* AccountInfoRow.swift */ = {isa = PBXFileReference; lastKnownFileType = sourcecode.swift; path = AccountInfoRow.swift; sourceTree = "<group>"; };
		DA5130CB2B17DE2A00616BEF /* ChangePhoneNumberSheetView.swift */ = {isa = PBXFileReference; lastKnownFileType = sourcecode.swift; path = ChangePhoneNumberSheetView.swift; sourceTree = "<group>"; };
		DA5130D02B17E66000616BEF /* ContactUsView.swift */ = {isa = PBXFileReference; lastKnownFileType = sourcecode.swift; path = ContactUsView.swift; sourceTree = "<group>"; };
		DA54E2152AB1F4A9009519CF /* DashboardView.swift */ = {isa = PBXFileReference; lastKnownFileType = sourcecode.swift; path = DashboardView.swift; sourceTree = "<group>"; };
		DA54E2172AB21321009519CF /* SpendingTrendBlockView.swift */ = {isa = PBXFileReference; lastKnownFileType = sourcecode.swift; path = SpendingTrendBlockView.swift; sourceTree = "<group>"; };
		DA54E21C2AB2156C009519CF /* TrendHistogramView.swift */ = {isa = PBXFileReference; lastKnownFileType = sourcecode.swift; path = TrendHistogramView.swift; sourceTree = "<group>"; };
		DA616E822AB0BFBD009994B5 /* BreakdownPieChartView.swift */ = {isa = PBXFileReference; lastKnownFileType = sourcecode.swift; path = BreakdownPieChartView.swift; sourceTree = "<group>"; };
		DA9BED022AB4A55000DDAB39 /* SpendingBreakdownBlockView.swift */ = {isa = PBXFileReference; lastKnownFileType = sourcecode.swift; path = SpendingBreakdownBlockView.swift; sourceTree = "<group>"; };
		DA9BED042AB4B28C00DDAB39 /* TabBarView.swift */ = {isa = PBXFileReference; lastKnownFileType = sourcecode.swift; path = TabBarView.swift; sourceTree = "<group>"; };
		DA9BED062AB4C2C500DDAB39 /* UnsettledSpendingsBlockView.swift */ = {isa = PBXFileReference; lastKnownFileType = sourcecode.swift; path = UnsettledSpendingsBlockView.swift; sourceTree = "<group>"; };
		DA9BED082AB4C2F800DDAB39 /* RecurringChargesBlockView.swift */ = {isa = PBXFileReference; lastKnownFileType = sourcecode.swift; path = RecurringChargesBlockView.swift; sourceTree = "<group>"; };
		DA9BED0A2AB4CBA400DDAB39 /* SpendingTrendDetailedView.swift */ = {isa = PBXFileReference; lastKnownFileType = sourcecode.swift; path = SpendingTrendDetailedView.swift; sourceTree = "<group>"; };
		DAC5AFC32B0ED00F00A10A3C /* NotificationsView.swift */ = {isa = PBXFileReference; lastKnownFileType = sourcecode.swift; path = NotificationsView.swift; sourceTree = "<group>"; };
		DAC5AFC52B0ED1ED00A10A3C /* QRCodeView.swift */ = {isa = PBXFileReference; lastKnownFileType = sourcecode.swift; path = QRCodeView.swift; sourceTree = "<group>"; };
		DAC5AFC72B0ED7AD00A10A3C /* ChangeNameSheetView.swift */ = {isa = PBXFileReference; lastKnownFileType = sourcecode.swift; path = ChangeNameSheetView.swift; sourceTree = "<group>"; };
		DAC5AFC92B0ED7BC00A10A3C /* ChangePasswordSheetView.swift */ = {isa = PBXFileReference; lastKnownFileType = sourcecode.swift; path = ChangePasswordSheetView.swift; sourceTree = "<group>"; };
		DAD12AA92AB4D67F00C1FCCB /* GroupsView.swift */ = {isa = PBXFileReference; lastKnownFileType = sourcecode.swift; path = GroupsView.swift; sourceTree = "<group>"; };
		DAD12AAB2AB4D68A00C1FCCB /* AddView.swift */ = {isa = PBXFileReference; lastKnownFileType = sourcecode.swift; path = AddView.swift; sourceTree = "<group>"; };
		DAD12AAD2AB4D69700C1FCCB /* MeView.swift */ = {isa = PBXFileReference; lastKnownFileType = sourcecode.swift; path = MeView.swift; sourceTree = "<group>"; };
		DAD12AAF2AB4D6A300C1FCCB /* AccountView.swift */ = {isa = PBXFileReference; lastKnownFileType = sourcecode.swift; path = AccountView.swift; sourceTree = "<group>"; };
		DAD12AB62AB4DE2300C1FCCB /* TabBarData.swift */ = {isa = PBXFileReference; lastKnownFileType = sourcecode.swift; path = TabBarData.swift; sourceTree = "<group>"; };
		DAD12ABA2AB4E5CF00C1FCCB /* SpendingBreakdownDetailedView.swift */ = {isa = PBXFileReference; lastKnownFileType = sourcecode.swift; path = SpendingBreakdownDetailedView.swift; sourceTree = "<group>"; };
/* End PBXFileReference section */

/* Begin PBXFrameworksBuildPhase section */
		DA09BE822AA368F9005FA648 /* Frameworks */ = {
			isa = PBXFrameworksBuildPhase;
			buildActionMask = 2147483647;
			files = (
			);
			runOnlyForDeploymentPostprocessing = 0;
		};
/* End PBXFrameworksBuildPhase section */

/* Begin PBXGroup section */
		DA09BE7C2AA368F9005FA648 = {
			isa = PBXGroup;
			children = (
				33ED364D2AE2FAF5004BB303 /* .gitignore */,
				DA09BE872AA368F9005FA648 /* SpendTracking */,
				DA09BE862AA368F9005FA648 /* Products */,
			);
			sourceTree = "<group>";
		};
		DA09BE862AA368F9005FA648 /* Products */ = {
			isa = PBXGroup;
			children = (
				DA09BE852AA368F9005FA648 /* SpendTracking.app */,
			);
			name = Products;
			sourceTree = "<group>";
		};
		DA09BE872AA368F9005FA648 /* SpendTracking */ = {
			isa = PBXGroup;
			children = (
				DA09BE882AA368F9005FA648 /* SpendTrackingApp.swift */,
				DA3790582AB4F44500BB8FD0 /* Model */,
				DA09BE9A2AA36991005FA648 /* Views */,
				DA09BE8C2AA368FB005FA648 /* Assets.xcassets */,
				DA09BE8E2AA368FB005FA648 /* Preview Content */,
			);
			path = SpendTracking;
			sourceTree = "<group>";
		};
		DA09BE8E2AA368FB005FA648 /* Preview Content */ = {
			isa = PBXGroup;
			children = (
				DA09BE8F2AA368FB005FA648 /* Preview Assets.xcassets */,
			);
			path = "Preview Content";
			sourceTree = "<group>";
		};
		DA09BE9A2AA36991005FA648 /* Views */ = {
			isa = PBXGroup;
			children = (
				DA09BE8A2AA368F9005FA648 /* ContentView.swift */,
				DA54E21A2AB21412009519CF /* DashboardView */,
				DAD12AA52AB4D5DF00C1FCCB /* GroupsView */,
				DAD12AA82AB4D5FD00C1FCCB /* AddView */,
				DAD12AA62AB4D5EB00C1FCCB /* MeView */,
				DAD12AA72AB4D5F200C1FCCB /* AccountView */,
				DAD12AB12AB4DB9900C1FCCB /* TabBarView */,
			);
			path = Views;
			sourceTree = "<group>";
		};
		DA2B209C2AF2ACEC0095B8C8 /* CustomAlert */ = {
			isa = PBXGroup;
			children = (
				DA2B209A2AF2A7EF0095B8C8 /* CustomAlert.swift */,
				DA2B209D2AF2AD030095B8C8 /* CustomAlertModifier.swift */,
				DA2B209F2AF2AD220095B8C8 /* AlertViewExtension.swift */,
			);
			path = CustomAlert;
			sourceTree = "<group>";
		};
		DA3790582AB4F44500BB8FD0 /* Model */ = {
			isa = PBXGroup;
			children = (
			);
			path = Model;
			sourceTree = "<group>";
		};
		DA4BC1C02AE6B7C6002B6C39 /* SpendingTrendBlockView */ = {
			isa = PBXGroup;
			children = (
				DA54E2172AB21321009519CF /* SpendingTrendBlockView.swift */,
				DA54E21C2AB2156C009519CF /* TrendHistogramView.swift */,
			);
			path = SpendingTrendBlockView;
			sourceTree = "<group>";
		};
		DA4BC1C12AE6B7DC002B6C39 /* SpendingBreakdownBlockView */ = {
			isa = PBXGroup;
			children = (
				DA9BED022AB4A55000DDAB39 /* SpendingBreakdownBlockView.swift */,
				DA616E822AB0BFBD009994B5 /* BreakdownPieChartView.swift */,
			);
			path = SpendingBreakdownBlockView;
			sourceTree = "<group>";
		};
		DA4BC1C22AE6B7EF002B6C39 /* RecurringChargesBlockView */ = {
			isa = PBXGroup;
			children = (
				DA9BED082AB4C2F800DDAB39 /* RecurringChargesBlockView.swift */,
			);
			path = RecurringChargesBlockView;
			sourceTree = "<group>";
		};
		DA4BC1C32AE6B809002B6C39 /* UnsettledSpendingsBlockView */ = {
			isa = PBXGroup;
			children = (
				DA9BED062AB4C2C500DDAB39 /* UnsettledSpendingsBlockView.swift */,
			);
			path = UnsettledSpendingsBlockView;
			sourceTree = "<group>";
		};
		DA5130BC2B17A4DE00616BEF /* SettingsList */ = {
			isa = PBXGroup;
			children = (
				DA5130BA2B17A2BE00616BEF /* SettingsListRow.swift */,
				DA5130BD2B17A4EE00616BEF /* SettingsList.swift */,
			);
			path = SettingsList;
			sourceTree = "<group>";
		};
		DA5130C22B17BDE100616BEF /* AccountDetails */ = {
			isa = PBXGroup;
			children = (
				DA3B8BEC2AE997650095BEDF /* AccountDetailsView.swift */,
				DA5130C32B17BE6C00616BEF /* ModifyAccount */,
			);
			path = AccountDetails;
			sourceTree = "<group>";
		};
		DA5130C32B17BE6C00616BEF /* ModifyAccount */ = {
			isa = PBXGroup;
			children = (
				DA5130C82B17BEB200616BEF /* AccountInfoList */,
			);
			path = ModifyAccount;
			sourceTree = "<group>";
		};
		DA5130C82B17BEB200616BEF /* AccountInfoList */ = {
			isa = PBXGroup;
			children = (
				DA5130C42B17BE9E00616BEF /* AccountInfoList.swift */,
				DA5130C62B17BEAE00616BEF /* AccountInfoRow.swift */,
			);
			path = AccountInfoList;
			sourceTree = "<group>";
		};
		DA5130CF2B17E62500616BEF /* SettingsDetail */ = {
			isa = PBXGroup;
			children = (
				DAC5AFC52B0ED1ED00A10A3C /* QRCodeView.swift */,
				DAC5AFC32B0ED00F00A10A3C /* NotificationsView.swift */,
				DA5130D02B17E66000616BEF /* ContactUsView.swift */,
			);
			path = SettingsDetail;
			sourceTree = "<group>";
		};
		DA54E21A2AB21412009519CF /* DashboardView */ = {
			isa = PBXGroup;
			children = (
				DA54E2152AB1F4A9009519CF /* DashboardView.swift */,
				DA54E21B2AB2145C009519CF /* DashboardBlockViews */,
				DA9BED0C2AB4CBAA00DDAB39 /* DetailedViews */,
			);
			path = DashboardView;
			sourceTree = "<group>";
		};
		DA54E21B2AB2145C009519CF /* DashboardBlockViews */ = {
			isa = PBXGroup;
			children = (
				DA4BC1C02AE6B7C6002B6C39 /* SpendingTrendBlockView */,
				DA4BC1C12AE6B7DC002B6C39 /* SpendingBreakdownBlockView */,
				DA4BC1C32AE6B809002B6C39 /* UnsettledSpendingsBlockView */,
				DA4BC1C22AE6B7EF002B6C39 /* RecurringChargesBlockView */,
			);
			path = DashboardBlockViews;
			sourceTree = "<group>";
		};
		DA9BED0C2AB4CBAA00DDAB39 /* DetailedViews */ = {
			isa = PBXGroup;
			children = (
				DA9BED0A2AB4CBA400DDAB39 /* SpendingTrendDetailedView.swift */,
				DAD12ABA2AB4E5CF00C1FCCB /* SpendingBreakdownDetailedView.swift */,
			);
			path = DetailedViews;
			sourceTree = "<group>";
		};
		DAC5AFC12B0ECFCB00A10A3C /* SettingsView */ = {
			isa = PBXGroup;
			children = (
				DA5130CF2B17E62500616BEF /* SettingsDetail */,
				DA5130BC2B17A4DE00616BEF /* SettingsList */,
			);
			path = SettingsView;
			sourceTree = "<group>";
		};
		DAC5AFC22B0ECFD500A10A3C /* EditProfileViews */ = {
			isa = PBXGroup;
			children = (
				DAC5AFC72B0ED7AD00A10A3C /* ChangeNameSheetView.swift */,
				DAC5AFC92B0ED7BC00A10A3C /* ChangePasswordSheetView.swift */,
				DA5130CB2B17DE2A00616BEF /* ChangePhoneNumberSheetView.swift */,
			);
			path = EditProfileViews;
			sourceTree = "<group>";
		};
		DAD12AA52AB4D5DF00C1FCCB /* GroupsView */ = {
			isa = PBXGroup;
			children = (
				DAD12AA92AB4D67F00C1FCCB /* GroupsView.swift */,
			);
			path = GroupsView;
			sourceTree = "<group>";
		};
		DAD12AA62AB4D5EB00C1FCCB /* MeView */ = {
			isa = PBXGroup;
			children = (
				DAD12AAD2AB4D69700C1FCCB /* MeView.swift */,
			);
			path = MeView;
			sourceTree = "<group>";
		};
		DAD12AA72AB4D5F200C1FCCB /* AccountView */ = {
			isa = PBXGroup;
			children = (
				DAD12AAF2AB4D6A300C1FCCB /* AccountView.swift */,
				DA5130C22B17BDE100616BEF /* AccountDetails */,
				DAC5AFC22B0ECFD500A10A3C /* EditProfileViews */,
				DAC5AFC12B0ECFCB00A10A3C /* SettingsView */,
				DA2B209C2AF2ACEC0095B8C8 /* CustomAlert */,
			);
			path = AccountView;
			sourceTree = "<group>";
		};
		DAD12AA82AB4D5FD00C1FCCB /* AddView */ = {
			isa = PBXGroup;
			children = (
				DAD12AAB2AB4D68A00C1FCCB /* AddView.swift */,
			);
			path = AddView;
			sourceTree = "<group>";
		};
		DAD12AB12AB4DB9900C1FCCB /* TabBarView */ = {
			isa = PBXGroup;
			children = (
				DA9BED042AB4B28C00DDAB39 /* TabBarView.swift */,
				DAD12AB62AB4DE2300C1FCCB /* TabBarData.swift */,
			);
			path = TabBarView;
			sourceTree = "<group>";
		};
/* End PBXGroup section */

/* Begin PBXNativeTarget section */
		DA09BE842AA368F9005FA648 /* SpendTracking */ = {
			isa = PBXNativeTarget;
			buildConfigurationList = DA09BE932AA368FB005FA648 /* Build configuration list for PBXNativeTarget "SpendTracking" */;
			buildPhases = (
				DA09BE812AA368F9005FA648 /* Sources */,
				DA09BE822AA368F9005FA648 /* Frameworks */,
				DA09BE832AA368F9005FA648 /* Resources */,
			);
			buildRules = (
			);
			dependencies = (
			);
			name = SpendTracking;
			productName = SpendTracking;
			productReference = DA09BE852AA368F9005FA648 /* SpendTracking.app */;
			productType = "com.apple.product-type.application";
		};
/* End PBXNativeTarget section */

/* Begin PBXProject section */
		DA09BE7D2AA368F9005FA648 /* Project object */ = {
			isa = PBXProject;
			attributes = {
				BuildIndependentTargetsInParallel = 1;
				LastSwiftUpdateCheck = 1430;
				LastUpgradeCheck = 1430;
				TargetAttributes = {
					DA09BE842AA368F9005FA648 = {
						CreatedOnToolsVersion = 14.3.1;
					};
				};
			};
			buildConfigurationList = DA09BE802AA368F9005FA648 /* Build configuration list for PBXProject "SpendTracking" */;
			compatibilityVersion = "Xcode 14.0";
			developmentRegion = en;
			hasScannedForEncodings = 0;
			knownRegions = (
				en,
				Base,
			);
			mainGroup = DA09BE7C2AA368F9005FA648;
			productRefGroup = DA09BE862AA368F9005FA648 /* Products */;
			projectDirPath = "";
			projectRoot = "";
			targets = (
				DA09BE842AA368F9005FA648 /* SpendTracking */,
			);
		};
/* End PBXProject section */

/* Begin PBXResourcesBuildPhase section */
		DA09BE832AA368F9005FA648 /* Resources */ = {
			isa = PBXResourcesBuildPhase;
			buildActionMask = 2147483647;
			files = (
				DA09BE902AA368FB005FA648 /* Preview Assets.xcassets in Resources */,
				33ED364E2AE2FAF5004BB303 /* .gitignore in Resources */,
				DA09BE8D2AA368FB005FA648 /* Assets.xcassets in Resources */,
			);
			runOnlyForDeploymentPostprocessing = 0;
		};
/* End PBXResourcesBuildPhase section */

/* Begin PBXSourcesBuildPhase section */
		DA09BE812AA368F9005FA648 /* Sources */ = {
			isa = PBXSourcesBuildPhase;
			buildActionMask = 2147483647;
			files = (
				DAD12AAE2AB4D69700C1FCCB /* MeView.swift in Sources */,
				DA5130BB2B17A2BE00616BEF /* SettingsListRow.swift in Sources */,
				DAD12AB72AB4DE2300C1FCCB /* TabBarData.swift in Sources */,
				DA2B209B2AF2A7EF0095B8C8 /* CustomAlert.swift in Sources */,
				DAD12ABB2AB4E5CF00C1FCCB /* SpendingBreakdownDetailedView.swift in Sources */,
				DA2B20A02AF2AD220095B8C8 /* AlertViewExtension.swift in Sources */,
				DAD12AAC2AB4D68A00C1FCCB /* AddView.swift in Sources */,
				DA54E2182AB21321009519CF /* SpendingTrendBlockView.swift in Sources */,
				DA5130D12B17E66000616BEF /* ContactUsView.swift in Sources */,
				DAC5AFCA2B0ED7BC00A10A3C /* ChangePasswordSheetView.swift in Sources */,
				DA2B209E2AF2AD030095B8C8 /* CustomAlertModifier.swift in Sources */,
				DA09BE8B2AA368F9005FA648 /* ContentView.swift in Sources */,
				DA5130C72B17BEAE00616BEF /* AccountInfoRow.swift in Sources */,
				DA5130CC2B17DE2A00616BEF /* ChangePhoneNumberSheetView.swift in Sources */,
				DAD12AAA2AB4D67F00C1FCCB /* GroupsView.swift in Sources */,
				DAC5AFC82B0ED7AD00A10A3C /* ChangeNameSheetView.swift in Sources */,
				DA9BED0B2AB4CBA400DDAB39 /* SpendingTrendDetailedView.swift in Sources */,
				DA54E21D2AB2156C009519CF /* TrendHistogramView.swift in Sources */,
				DAC5AFC62B0ED1ED00A10A3C /* QRCodeView.swift in Sources */,
				DA9BED072AB4C2C500DDAB39 /* UnsettledSpendingsBlockView.swift in Sources */,
				DA5130C52B17BE9E00616BEF /* AccountInfoList.swift in Sources */,
				DA54E2162AB1F4A9009519CF /* DashboardView.swift in Sources */,
				DA3B8BED2AE997650095BEDF /* AccountDetailsView.swift in Sources */,
				DAC5AFC42B0ED00F00A10A3C /* NotificationsView.swift in Sources */,
				DAD12AB02AB4D6A300C1FCCB /* AccountView.swift in Sources */,
				DA616E832AB0BFBD009994B5 /* BreakdownPieChartView.swift in Sources */,
				DA9BED092AB4C2F800DDAB39 /* RecurringChargesBlockView.swift in Sources */,
				DA09BE892AA368F9005FA648 /* SpendTrackingApp.swift in Sources */,
				DA9BED052AB4B28C00DDAB39 /* TabBarView.swift in Sources */,
				DA9BED032AB4A55000DDAB39 /* SpendingBreakdownBlockView.swift in Sources */,
				DA5130BE2B17A4EE00616BEF /* SettingsList.swift in Sources */,
			);
			runOnlyForDeploymentPostprocessing = 0;
		};
/* End PBXSourcesBuildPhase section */

/* Begin XCBuildConfiguration section */
		DA09BE912AA368FB005FA648 /* Debug */ = {
			isa = XCBuildConfiguration;
			buildSettings = {
				ALWAYS_SEARCH_USER_PATHS = NO;
				CLANG_ANALYZER_NONNULL = YES;
				CLANG_ANALYZER_NUMBER_OBJECT_CONVERSION = YES_AGGRESSIVE;
				CLANG_CXX_LANGUAGE_STANDARD = "gnu++20";
				CLANG_ENABLE_MODULES = YES;
				CLANG_ENABLE_OBJC_ARC = YES;
				CLANG_ENABLE_OBJC_WEAK = YES;
				CLANG_WARN_BLOCK_CAPTURE_AUTORELEASING = YES;
				CLANG_WARN_BOOL_CONVERSION = YES;
				CLANG_WARN_COMMA = YES;
				CLANG_WARN_CONSTANT_CONVERSION = YES;
				CLANG_WARN_DEPRECATED_OBJC_IMPLEMENTATIONS = YES;
				CLANG_WARN_DIRECT_OBJC_ISA_USAGE = YES_ERROR;
				CLANG_WARN_DOCUMENTATION_COMMENTS = YES;
				CLANG_WARN_EMPTY_BODY = YES;
				CLANG_WARN_ENUM_CONVERSION = YES;
				CLANG_WARN_INFINITE_RECURSION = YES;
				CLANG_WARN_INT_CONVERSION = YES;
				CLANG_WARN_NON_LITERAL_NULL_CONVERSION = YES;
				CLANG_WARN_OBJC_IMPLICIT_RETAIN_SELF = YES;
				CLANG_WARN_OBJC_LITERAL_CONVERSION = YES;
				CLANG_WARN_OBJC_ROOT_CLASS = YES_ERROR;
				CLANG_WARN_QUOTED_INCLUDE_IN_FRAMEWORK_HEADER = YES;
				CLANG_WARN_RANGE_LOOP_ANALYSIS = YES;
				CLANG_WARN_STRICT_PROTOTYPES = YES;
				CLANG_WARN_SUSPICIOUS_MOVE = YES;
				CLANG_WARN_UNGUARDED_AVAILABILITY = YES_AGGRESSIVE;
				CLANG_WARN_UNREACHABLE_CODE = YES;
				CLANG_WARN__DUPLICATE_METHOD_MATCH = YES;
				COPY_PHASE_STRIP = NO;
				DEBUG_INFORMATION_FORMAT = dwarf;
				ENABLE_STRICT_OBJC_MSGSEND = YES;
				ENABLE_TESTABILITY = YES;
				GCC_C_LANGUAGE_STANDARD = gnu11;
				GCC_DYNAMIC_NO_PIC = NO;
				GCC_NO_COMMON_BLOCKS = YES;
				GCC_OPTIMIZATION_LEVEL = 0;
				GCC_PREPROCESSOR_DEFINITIONS = (
					"DEBUG=1",
					"$(inherited)",
				);
				GCC_WARN_64_TO_32_BIT_CONVERSION = YES;
				GCC_WARN_ABOUT_RETURN_TYPE = YES_ERROR;
				GCC_WARN_UNDECLARED_SELECTOR = YES;
				GCC_WARN_UNINITIALIZED_AUTOS = YES_AGGRESSIVE;
				GCC_WARN_UNUSED_FUNCTION = YES;
				GCC_WARN_UNUSED_VARIABLE = YES;
				IPHONEOS_DEPLOYMENT_TARGET = 17.0;
				MTL_ENABLE_DEBUG_INFO = INCLUDE_SOURCE;
				MTL_FAST_MATH = YES;
				ONLY_ACTIVE_ARCH = YES;
				SDKROOT = iphoneos;
				SWIFT_ACTIVE_COMPILATION_CONDITIONS = DEBUG;
				SWIFT_OPTIMIZATION_LEVEL = "-Onone";
			};
			name = Debug;
		};
		DA09BE922AA368FB005FA648 /* Release */ = {
			isa = XCBuildConfiguration;
			buildSettings = {
				ALWAYS_SEARCH_USER_PATHS = NO;
				CLANG_ANALYZER_NONNULL = YES;
				CLANG_ANALYZER_NUMBER_OBJECT_CONVERSION = YES_AGGRESSIVE;
				CLANG_CXX_LANGUAGE_STANDARD = "gnu++20";
				CLANG_ENABLE_MODULES = YES;
				CLANG_ENABLE_OBJC_ARC = YES;
				CLANG_ENABLE_OBJC_WEAK = YES;
				CLANG_WARN_BLOCK_CAPTURE_AUTORELEASING = YES;
				CLANG_WARN_BOOL_CONVERSION = YES;
				CLANG_WARN_COMMA = YES;
				CLANG_WARN_CONSTANT_CONVERSION = YES;
				CLANG_WARN_DEPRECATED_OBJC_IMPLEMENTATIONS = YES;
				CLANG_WARN_DIRECT_OBJC_ISA_USAGE = YES_ERROR;
				CLANG_WARN_DOCUMENTATION_COMMENTS = YES;
				CLANG_WARN_EMPTY_BODY = YES;
				CLANG_WARN_ENUM_CONVERSION = YES;
				CLANG_WARN_INFINITE_RECURSION = YES;
				CLANG_WARN_INT_CONVERSION = YES;
				CLANG_WARN_NON_LITERAL_NULL_CONVERSION = YES;
				CLANG_WARN_OBJC_IMPLICIT_RETAIN_SELF = YES;
				CLANG_WARN_OBJC_LITERAL_CONVERSION = YES;
				CLANG_WARN_OBJC_ROOT_CLASS = YES_ERROR;
				CLANG_WARN_QUOTED_INCLUDE_IN_FRAMEWORK_HEADER = YES;
				CLANG_WARN_RANGE_LOOP_ANALYSIS = YES;
				CLANG_WARN_STRICT_PROTOTYPES = YES;
				CLANG_WARN_SUSPICIOUS_MOVE = YES;
				CLANG_WARN_UNGUARDED_AVAILABILITY = YES_AGGRESSIVE;
				CLANG_WARN_UNREACHABLE_CODE = YES;
				CLANG_WARN__DUPLICATE_METHOD_MATCH = YES;
				COPY_PHASE_STRIP = NO;
				DEBUG_INFORMATION_FORMAT = "dwarf-with-dsym";
				ENABLE_NS_ASSERTIONS = NO;
				ENABLE_STRICT_OBJC_MSGSEND = YES;
				GCC_C_LANGUAGE_STANDARD = gnu11;
				GCC_NO_COMMON_BLOCKS = YES;
				GCC_WARN_64_TO_32_BIT_CONVERSION = YES;
				GCC_WARN_ABOUT_RETURN_TYPE = YES_ERROR;
				GCC_WARN_UNDECLARED_SELECTOR = YES;
				GCC_WARN_UNINITIALIZED_AUTOS = YES_AGGRESSIVE;
				GCC_WARN_UNUSED_FUNCTION = YES;
				GCC_WARN_UNUSED_VARIABLE = YES;
				IPHONEOS_DEPLOYMENT_TARGET = 17.0;
				MTL_ENABLE_DEBUG_INFO = NO;
				MTL_FAST_MATH = YES;
				SDKROOT = iphoneos;
				SWIFT_COMPILATION_MODE = wholemodule;
				SWIFT_OPTIMIZATION_LEVEL = "-O";
				VALIDATE_PRODUCT = YES;
			};
			name = Release;
		};
		DA09BE942AA368FB005FA648 /* Debug */ = {
			isa = XCBuildConfiguration;
			buildSettings = {
				ASSETCATALOG_COMPILER_APPICON_NAME = AppIcon;
				ASSETCATALOG_COMPILER_GLOBAL_ACCENT_COLOR_NAME = AccentColor;
				CODE_SIGN_STYLE = Automatic;
				CURRENT_PROJECT_VERSION = 1;
				DEVELOPMENT_ASSET_PATHS = "\"SpendTracking/Preview Content\"";
				ENABLE_PREVIEWS = YES;
				GENERATE_INFOPLIST_FILE = YES;
				INFOPLIST_KEY_UIApplicationSceneManifest_Generation = YES;
				INFOPLIST_KEY_UIApplicationSupportsIndirectInputEvents = YES;
				INFOPLIST_KEY_UILaunchScreen_Generation = YES;
				INFOPLIST_KEY_UISupportedInterfaceOrientations = UIInterfaceOrientationPortrait;
				INFOPLIST_KEY_UISupportedInterfaceOrientations_iPad = "UIInterfaceOrientationLandscapeLeft UIInterfaceOrientationLandscapeRight UIInterfaceOrientationPortrait UIInterfaceOrientationPortraitUpsideDown";
				LD_RUNPATH_SEARCH_PATHS = (
					"$(inherited)",
					"@executable_path/Frameworks",
				);
				MARKETING_VERSION = 1.0;
				PRODUCT_BUNDLE_IDENTIFIER = NJg.SpendTracking;
				PRODUCT_NAME = "$(TARGET_NAME)";
				SUPPORTED_PLATFORMS = "iphoneos iphonesimulator";
				SUPPORTS_MACCATALYST = NO;
				SUPPORTS_MAC_DESIGNED_FOR_IPHONE_IPAD = NO;
				SWIFT_EMIT_LOC_STRINGS = YES;
				SWIFT_VERSION = 5.0;
				TARGETED_DEVICE_FAMILY = 1;
			};
			name = Debug;
		};
		DA09BE952AA368FB005FA648 /* Release */ = {
			isa = XCBuildConfiguration;
			buildSettings = {
				ASSETCATALOG_COMPILER_APPICON_NAME = AppIcon;
				ASSETCATALOG_COMPILER_GLOBAL_ACCENT_COLOR_NAME = AccentColor;
				CODE_SIGN_STYLE = Automatic;
				CURRENT_PROJECT_VERSION = 1;
				DEVELOPMENT_ASSET_PATHS = "\"SpendTracking/Preview Content\"";
				ENABLE_PREVIEWS = YES;
				GENERATE_INFOPLIST_FILE = YES;
				INFOPLIST_KEY_UIApplicationSceneManifest_Generation = YES;
				INFOPLIST_KEY_UIApplicationSupportsIndirectInputEvents = YES;
				INFOPLIST_KEY_UILaunchScreen_Generation = YES;
				INFOPLIST_KEY_UISupportedInterfaceOrientations = UIInterfaceOrientationPortrait;
				INFOPLIST_KEY_UISupportedInterfaceOrientations_iPad = "UIInterfaceOrientationLandscapeLeft UIInterfaceOrientationLandscapeRight UIInterfaceOrientationPortrait UIInterfaceOrientationPortraitUpsideDown";
				LD_RUNPATH_SEARCH_PATHS = (
					"$(inherited)",
					"@executable_path/Frameworks",
				);
				MARKETING_VERSION = 1.0;
				PRODUCT_BUNDLE_IDENTIFIER = NJg.SpendTracking;
				PRODUCT_NAME = "$(TARGET_NAME)";
				SUPPORTED_PLATFORMS = "iphoneos iphonesimulator";
				SUPPORTS_MACCATALYST = NO;
				SUPPORTS_MAC_DESIGNED_FOR_IPHONE_IPAD = NO;
				SWIFT_EMIT_LOC_STRINGS = YES;
				SWIFT_VERSION = 5.0;
				TARGETED_DEVICE_FAMILY = 1;
			};
			name = Release;
		};
/* End XCBuildConfiguration section */

/* Begin XCConfigurationList section */
		DA09BE802AA368F9005FA648 /* Build configuration list for PBXProject "SpendTracking" */ = {
			isa = XCConfigurationList;
			buildConfigurations = (
				DA09BE912AA368FB005FA648 /* Debug */,
				DA09BE922AA368FB005FA648 /* Release */,
			);
			defaultConfigurationIsVisible = 0;
			defaultConfigurationName = Release;
		};
		DA09BE932AA368FB005FA648 /* Build configuration list for PBXNativeTarget "SpendTracking" */ = {
			isa = XCConfigurationList;
			buildConfigurations = (
				DA09BE942AA368FB005FA648 /* Debug */,
				DA09BE952AA368FB005FA648 /* Release */,
			);
			defaultConfigurationIsVisible = 0;
			defaultConfigurationName = Release;
		};
/* End XCConfigurationList section */
	};
	rootObject = DA09BE7D2AA368F9005FA648 /* Project object */;
}
